
Microsoft Visual Studio Solution File, Format Version 12.00
# Visual Studio Version 17
VisualStudioVersion = 17.8.34525.116
MinimumVisualStudioVersion = 10.0.40219.1
Project("{FAE04EC0-301F-11D3-BF4B-00C04F79EFBC}") = "AsciiArtCreator.Wpf.Framework", "..\AsciiArtCreator.Wpf.Framework\AsciiArtCreator.Wpf.Framework.csproj", "{2B2EA3BD-F26E-4B66-9235-10788043F934}"
EndProject
Project("{FAE04EC0-301F-11D3-BF4B-00C04F79EFBC}") = "AsciiArtCreator.Base", "..\AsciiArtCreator.Base\AsciiArtCreator.Base.csproj", "{827CEBD2-3056-4EA0-A9E7-AF84DC0CC026}"
EndProject
Global
	GlobalSection(SolutionConfigurationPlatforms) = preSolution
		Debug|Any CPU = Debug|Any CPU
		Release|Any CPU = Release|Any CPU
	EndGlobalSection
	GlobalSection(ProjectConfigurationPlatforms) = postSolution
		{2B2EA3BD-F26E-4B66-9235-10788043F934}.Debug|Any CPU.ActiveCfg = Debug|Any CPU
		{2B2EA3BD-F26E-4B66-9235-10788043F934}.Debug|Any CPU.Build.0 = Debug|Any CPU
		{2B2EA3BD-F26E-4B66-9235-10788043F934}.Release|Any CPU.ActiveCfg = Release|Any CPU
		{2B2EA3BD-F26E-4B66-9235-10788043F934}.Release|Any CPU.Build.0 = Release|Any CPU
		{827CEBD2-3056-4EA0-A9E7-AF84DC0CC026}.Debug|Any CPU.ActiveCfg = Debug|Any CPU
		{827CEBD2-3056-4EA0-A9E7-AF84DC0CC026}.Debug|Any CPU.Build.0 = Debug|Any CPU
		{827CEBD2-3056-4EA0-A9E7-AF84DC0CC026}.Release|Any CPU.ActiveCfg = Release|Any CPU
		{827CEBD2-3056-4EA0-A9E7-AF84DC0CC026}.Release|Any CPU.Build.0 = Release|Any CPU
	EndGlobalSection
	GlobalSection(SolutionProperties) = preSolution
		HideSolutionNode = FALSE
	EndGlobalSection
	GlobalSection(ExtensibilityGlobals) = postSolution
		SolutionGuid = {E5F615D0-FAD3-41D2-891C-BDD3F288E850}
	EndGlobalSection
EndGlobal
